{
  "object": {
    "pins": [
      {
        "package": "swiftui-introspect",
        "repositoryURL": "https://github.com/siteline/SwiftUI-Introspect.git",
        "state": {
          "branch": null,
          "revision": "9e1cc02a65b22e09a8251261cccbccce02731fc5",
          "version": "1.1.1"
        }
      }
    ]
  },
  "version": 1
}
