// !$*UTF8*$!
{
	archiveVersion = 1;
	classes = {
	};
	objectVersion = 52;
	objects = {

/* Begin PBXBuildFile section */
		FFDC73A326DF94DC00C1F0D0 /* AppDelegate.swift in Sources */ = {isa = PBXBuildFile; fileRef = FFDC73A226DF94DC00C1F0D0 /* AppDelegate.swift */; };
		FFDC73A526DF94DC00C1F0D0 /* SceneDelegate.swift in Sources */ = {isa = PBXBuildFile; fileRef = FFDC73A426DF94DC00C1F0D0 /* SceneDelegate.swift */; };
		FFDC73A726DF94DC00C1F0D0 /* ContentView.swift in Sources */ = {isa = PBXBuildFile; fileRef = FFDC73A626DF94DC00C1F0D0 /* ContentView.swift */; };
		FFDC73A926DF94DE00C1F0D0 /* Assets.xcassets in Resources */ = {isa = PBXBuildFile; fileRef = FFDC73A826DF94DE00C1F0D0 /* Assets.xcassets */; };
		FFDC73AC26DF94DE00C1F0D0 /* Preview Assets.xcassets in Resources */ = {isa = PBXBuildFile; fileRef = FFDC73AB26DF94DE00C1F0D0 /* Preview Assets.xcassets */; };
		FFDC73AF26DF94DE00C1F0D0 /* LaunchScreen.storyboard in Resources */ = {isa = PBXBuildFile; fileRef = FFDC73AD26DF94DE00C1F0D0 /* LaunchScreen.storyboard */; };
		FFDC73C626DFE61F00C1F0D0 /* Focuser in Frameworks */ = {isa = PBXBuildFile; productRef = FFDC73C526DFE61F00C1F0D0 /* Focuser */; };
/* End PBXBuildFile section */

/* Begin PBXFileReference section */
		FF8D789526E1FC33006287E9 /* swift-focuser */ = {isa = PBXFileReference; lastKnownFileType = folder; name = "swift-focuser"; path = ..; sourceTree = "<group>"; };
		FFDC739F26DF94DC00C1F0D0 /* focusstate.app */ = {isa = PBXFileReference; explicitFileType = wrapper.application; includeInIndex = 0; path = focusstate.app; sourceTree = BUILT_PRODUCTS_DIR; };
		FFDC73A226DF94DC00C1F0D0 /* AppDelegate.swift */ = {isa = PBXFileReference; lastKnownFileType = sourcecode.swift; path = AppDelegate.swift; sourceTree = "<group>"; };
		FFDC73A426DF94DC00C1F0D0 /* SceneDelegate.swift */ = {isa = PBXFileReference; lastKnownFileType = sourcecode.swift; path = SceneDelegate.swift; sourceTree = "<group>"; };
		FFDC73A626DF94DC00C1F0D0 /* ContentView.swift */ = {isa = PBXFileReference; lastKnownFileType = sourcecode.swift; path = ContentView.swift; sourceTree = "<group>"; };
		FFDC73A826DF94DE00C1F0D0 /* Assets.xcassets */ = {isa = PBXFileReference; lastKnownFileType = folder.assetcatalog; path = Assets.xcassets; sourceTree = "<group>"; };
		FFDC73AB26DF94DE00C1F0D0 /* Preview Assets.xcassets */ = {isa = PBXFileReference; lastKnownFileType = folder.assetcatalog; path = "Preview Assets.xcassets"; sourceTree = "<group>"; };
		FFDC73AE26DF94DE00C1F0D0 /* Base */ = {isa = PBXFileReference; lastKnownFileType = file.storyboard; name = Base; path = Base.lproj/LaunchScreen.storyboard; sourceTree = "<group>"; };
		FFDC73B026DF94DE00C1F0D0 /* Info.plist */ = {isa = PBXFileReference; lastKnownFileType = text.plist.xml; path = Info.plist; sourceTree = "<group>"; };
/* End PBXFileReference section */

/* Begin PBXFrameworksBuildPhase section */
		FFDC739C26DF94DC00C1F0D0 /* Frameworks */ = {
			isa = PBXFrameworksBuildPhase;
			buildActionMask = 2147483647;
			files = (
				FFDC73C626DFE61F00C1F0D0 /* Focuser in Frameworks */,
			);
			runOnlyForDeploymentPostprocessing = 0;
		};
/* End PBXFrameworksBuildPhase section */

/* Begin PBXGroup section */
		FFDC739626DF94DC00C1F0D0 = {
			isa = PBXGroup;
			children = (
				FF8D789526E1FC33006287E9 /* swift-focuser */,
				FFDC73A126DF94DC00C1F0D0 /* focusstate */,
				FFDC73A026DF94DC00C1F0D0 /* Products */,
			);
			sourceTree = "<group>";
		};
		FFDC73A026DF94DC00C1F0D0 /* Products */ = {
			isa = PBXGroup;
			children = (
				FFDC739F26DF94DC00C1F0D0 /* focusstate.app */,
			);
			name = Products;
			sourceTree = "<group>";
		};
		FFDC73A126DF94DC00C1F0D0 /* focusstate */ = {
			isa = PBXGroup;
			children = (
				FFDC73A226DF94DC00C1F0D0 /* AppDelegate.swift */,
				FFDC73A426DF94DC00C1F0D0 /* SceneDelegate.swift */,
				FFDC73A626DF94DC00C1F0D0 /* ContentView.swift */,
				FFDC73A826DF94DE00C1F0D0 /* Assets.xcassets */,
				FFDC73AD26DF94DE00C1F0D0 /* LaunchScreen.storyboard */,
				FFDC73B026DF94DE00C1F0D0 /* Info.plist */,
				FFDC73AA26DF94DE00C1F0D0 /* Preview Content */,
			);
			path = focusstate;
			sourceTree = "<group>";
		};
		FFDC73AA26DF94DE00C1F0D0 /* Preview Content */ = {
			isa = PBXGroup;
			children = (
				FFDC73AB26DF94DE00C1F0D0 /* Preview Assets.xcassets */,
			);
			path = "Preview Content";
			sourceTree = "<group>";
		};
/* End PBXGroup section */

/* Begin PBXNativeTarget section */
		FFDC739E26DF94DC00C1F0D0 /* focusstate */ = {
			isa = PBXNativeTarget;
			buildConfigurationList = FFDC73B326DF94DE00C1F0D0 /* Build configuration list for PBXNativeTarget "focusstate" */;
			buildPhases = (
				FFDC739B26DF94DC00C1F0D0 /* Sources */,
				FFDC739C26DF94DC00C1F0D0 /* Frameworks */,
				FFDC739D26DF94DC00C1F0D0 /* Resources */,
			);
			buildRules = (
			);
			dependencies = (
			);
			name = focusstate;
			packageProductDependencies = (
				FFDC73C526DFE61F00C1F0D0 /* Focuser */,
			);
			productName = focusstate;
			productReference = FFDC739F26DF94DC00C1F0D0 /* focusstate.app */;
			productType = "com.apple.product-type.application";
		};
/* End PBXNativeTarget section */

/* Begin PBXProject section */
		FFDC739726DF94DC00C1F0D0 /* Project object */ = {
			isa = PBXProject;
			attributes = {
				LastSwiftUpdateCheck = 1250;
				LastUpgradeCheck = 1250;
				TargetAttributes = {
					FFDC739E26DF94DC00C1F0D0 = {
						CreatedOnToolsVersion = 12.5.1;
					};
				};
			};
			buildConfigurationList = FFDC739A26DF94DC00C1F0D0 /* Build configuration list for PBXProject "Example" */;
			compatibilityVersion = "Xcode 9.3";
			developmentRegion = en;
			hasScannedForEncodings = 0;
			knownRegions = (
				en,
				Base,
			);
			mainGroup = FFDC739626DF94DC00C1F0D0;
			packageReferences = (
				FFDC73C426DFE61F00C1F0D0 /* XCRemoteSwiftPackageReference "swift-focuser" */,
			);
			productRefGroup = FFDC73A026DF94DC00C1F0D0 /* Products */;
			projectDirPath = "";
			projectRoot = "";
			targets = (
				FFDC739E26DF94DC00C1F0D0 /* focusstate */,
			);
		};
/* End PBXProject section */

/* Begin PBXResourcesBuildPhase section */
		FFDC739D26DF94DC00C1F0D0 /* Resources */ = {
			isa = PBXResourcesBuildPhase;
			buildActionMask = 2147483647;
			files = (
				FFDC73AF26DF94DE00C1F0D0 /* LaunchScreen.storyboard in Resources */,
				FFDC73AC26DF94DE00C1F0D0 /* Preview Assets.xcassets in Resources */,
				FFDC73A926DF94DE00C1F0D0 /* Assets.xcassets in Resources */,
			);
			runOnlyForDeploymentPostprocessing = 0;
		};
/* End PBXResourcesBuildPhase section */

/* Begin PBXSourcesBuildPhase section */
		FFDC739B26DF94DC00C1F0D0 /* Sources */ = {
			isa = PBXSourcesBuildPhase;
			buildActionMask = 2147483647;
			files = (
				FFDC73A326DF94DC00C1F0D0 /* AppDelegate.swift in Sources */,
				FFDC73A526DF94DC00C1F0D0 /* SceneDelegate.swift in Sources */,
				FFDC73A726DF94DC00C1F0D0 /* ContentView.swift in Sources */,
			);
			runOnlyForDeploymentPostprocessing = 0;
		};
/* End PBXSourcesBuildPhase section */

/* Begin PBXVariantGroup section */
		FFDC73AD26DF94DE00C1F0D0 /* LaunchScreen.storyboard */ = {
			isa = PBXVariantGroup;
			children = (
				FFDC73AE26DF94DE00C1F0D0 /* Base */,
			);
			name = LaunchScreen.storyboard;
			sourceTree = "<group>";
		};
/* End PBXVariantGroup section */

/* Begin XCBuildConfiguration section */
		FFDC73B126DF94DE00C1F0D0 /* Debug */ = {
			isa = XCBuildConfiguration;
			buildSettings = {
				ALWAYS_SEARCH_USER_PATHS = NO;
				CLANG_ANALYZER_NONNULL = YES;
				CLANG_ANALYZER_NUMBER_OBJECT_CONVERSION = YES_AGGRESSIVE;
				CLANG_CXX_LANGUAGE_STANDARD = "gnu++14";
				CLANG_CXX_LIBRARY = "libc++";
				CLANG_ENABLE_MODULES = YES;
				CLANG_ENABLE_OBJC_ARC = YES;
				CLANG_ENABLE_OBJC_WEAK = YES;
				CLANG_WARN_BLOCK_CAPTURE_AUTORELEASING = YES;
				CLANG_WARN_BOOL_CONVERSION = YES;
				CLANG_WARN_COMMA = YES;
				CLANG_WARN_CONSTANT_CONVERSION = YES;
				CLANG_WARN_DEPRECATED_OBJC_IMPLEMENTATIONS = YES;
				CLANG_WARN_DIRECT_OBJC_ISA_USAGE = YES_ERROR;
				CLANG_WARN_DOCUMENTATION_COMMENTS = YES;
				CLANG_WARN_EMPTY_BODY = YES;
				CLANG_WARN_ENUM_CONVERSION = YES;
				CLANG_WARN_INFINITE_RECURSION = YES;
				CLANG_WARN_INT_CONVERSION = YES;
				CLANG_WARN_NON_LITERAL_NULL_CONVERSION = YES;
				CLANG_WARN_OBJC_IMPLICIT_RETAIN_SELF = YES;
				CLANG_WARN_OBJC_LITERAL_CONVERSION = YES;
				CLANG_WARN_OBJC_ROOT_CLASS = YES_ERROR;
				CLANG_WARN_QUOTED_INCLUDE_IN_FRAMEWORK_HEADER = YES;
				CLANG_WARN_RANGE_LOOP_ANALYSIS = YES;
				CLANG_WARN_STRICT_PROTOTYPES = YES;
				CLANG_WARN_SUSPICIOUS_MOVE = YES;
				CLANG_WARN_UNGUARDED_AVAILABILITY = YES_AGGRESSIVE;
				CLANG_WARN_UNREACHABLE_CODE = YES;
				CLANG_WARN__DUPLICATE_METHOD_MATCH = YES;
				COPY_PHASE_STRIP = NO;
				DEBUG_INFORMATION_FORMAT = dwarf;
				ENABLE_STRICT_OBJC_MSGSEND = YES;
				ENABLE_TESTABILITY = YES;
				GCC_C_LANGUAGE_STANDARD = gnu11;
				GCC_DYNAMIC_NO_PIC = NO;
				GCC_NO_COMMON_BLOCKS = YES;
				GCC_OPTIMIZATION_LEVEL = 0;
				GCC_PREPROCESSOR_DEFINITIONS = (
					"DEBUG=1",
					"$(inherited)",
				);
				GCC_WARN_64_TO_32_BIT_CONVERSION = YES;
				GCC_WARN_ABOUT_RETURN_TYPE = YES_ERROR;
				GCC_WARN_UNDECLARED_SELECTOR = YES;
				GCC_WARN_UNINITIALIZED_AUTOS = YES_AGGRESSIVE;
				GCC_WARN_UNUSED_FUNCTION = YES;
				GCC_WARN_UNUSED_VARIABLE = YES;
				IPHONEOS_DEPLOYMENT_TARGET = 14.5;
				MTL_ENABLE_DEBUG_INFO = INCLUDE_SOURCE;
				MTL_FAST_MATH = YES;
				ONLY_ACTIVE_ARCH = YES;
				SDKROOT = iphoneos;
				SWIFT_ACTIVE_COMPILATION_CONDITIONS = DEBUG;
				SWIFT_OPTIMIZATION_LEVEL = "-Onone";
			};
			name = Debug;
		};
		FFDC73B226DF94DE00C1F0D0 /* Release */ = {
			isa = XCBuildConfiguration;
			buildSettings = {
				ALWAYS_SEARCH_USER_PATHS = NO;
				CLANG_ANALYZER_NONNULL = YES;
				CLANG_ANALYZER_NUMBER_OBJECT_CONVERSION = YES_AGGRESSIVE;
				CLANG_CXX_LANGUAGE_STANDARD = "gnu++14";
				CLANG_CXX_LIBRARY = "libc++";
				CLANG_ENABLE_MODULES = YES;
				CLANG_ENABLE_OBJC_ARC = YES;
				CLANG_ENABLE_OBJC_WEAK = YES;
				CLANG_WARN_BLOCK_CAPTURE_AUTORELEASING = YES;
				CLANG_WARN_BOOL_CONVERSION = YES;
				CLANG_WARN_COMMA = YES;
				CLANG_WARN_CONSTANT_CONVERSION = YES;
				CLANG_WARN_DEPRECATED_OBJC_IMPLEMENTATIONS = YES;
				CLANG_WARN_DIRECT_OBJC_ISA_USAGE = YES_ERROR;
				CLANG_WARN_DOCUMENTATION_COMMENTS = YES;
				CLANG_WARN_EMPTY_BODY = YES;
				CLANG_WARN_ENUM_CONVERSION = YES;
				CLANG_WARN_INFINITE_RECURSION = YES;
				CLANG_WARN_INT_CONVERSION = YES;
				CLANG_WARN_NON_LITERAL_NULL_CONVERSION = YES;
				CLANG_WARN_OBJC_IMPLICIT_RETAIN_SELF = YES;
				CLANG_WARN_OBJC_LITERAL_CONVERSION = YES;
				CLANG_WARN_OBJC_ROOT_CLASS = YES_ERROR;
				CLANG_WARN_QUOTED_INCLUDE_IN_FRAMEWORK_HEADER = YES;
				CLANG_WARN_RANGE_LOOP_ANALYSIS = YES;
				CLANG_WARN_STRICT_PROTOTYPES = YES;
				CLANG_WARN_SUSPICIOUS_MOVE = YES;
				CLANG_WARN_UNGUARDED_AVAILABILITY = YES_AGGRESSIVE;
				CLANG_WARN_UNREACHABLE_CODE = YES;
				CLANG_WARN__DUPLICATE_METHOD_MATCH = YES;
				COPY_PHASE_STRIP = NO;
				DEBUG_INFORMATION_FORMAT = "dwarf-with-dsym";
				ENABLE_NS_ASSERTIONS = NO;
				ENABLE_STRICT_OBJC_MSGSEND = YES;
				GCC_C_LANGUAGE_STANDARD = gnu11;
				GCC_NO_COMMON_BLOCKS = YES;
				GCC_WARN_64_TO_32_BIT_CONVERSION = YES;
				GCC_WARN_ABOUT_RETURN_TYPE = YES_ERROR;
				GCC_WARN_UNDECLARED_SELECTOR = YES;
				GCC_WARN_UNINITIALIZED_AUTOS = YES_AGGRESSIVE;
				GCC_WARN_UNUSED_FUNCTION = YES;
				GCC_WARN_UNUSED_VARIABLE = YES;
				IPHONEOS_DEPLOYMENT_TARGET = 14.5;
				MTL_ENABLE_DEBUG_INFO = NO;
				MTL_FAST_MATH = YES;
				SDKROOT = iphoneos;
				SWIFT_COMPILATION_MODE = wholemodule;
				SWIFT_OPTIMIZATION_LEVEL = "-O";
				VALIDATE_PRODUCT = YES;
			};
			name = Release;
		};
		FFDC73B426DF94DE00C1F0D0 /* Debug */ = {
			isa = XCBuildConfiguration;
			buildSettings = {
				ASSETCATALOG_COMPILER_APPICON_NAME = AppIcon;
				ASSETCATALOG_COMPILER_GLOBAL_ACCENT_COLOR_NAME = AccentColor;
				CODE_SIGN_STYLE = Automatic;
				DEVELOPMENT_ASSET_PATHS = "\"focusstate/Preview Content\"";
				ENABLE_PREVIEWS = YES;
				INFOPLIST_FILE = focusstate/Info.plist;
				LD_RUNPATH_SEARCH_PATHS = (
					"$(inherited)",
					"@executable_path/Frameworks",
				);
				PRODUCT_BUNDLE_IDENTIFIER = at.focusstate;
				PRODUCT_NAME = "$(TARGET_NAME)";
				SWIFT_VERSION = 5.0;
				TARGETED_DEVICE_FAMILY = "1,2";
			};
			name = Debug;
		};
		FFDC73B526DF94DE00C1F0D0 /* Release */ = {
			isa = XCBuildConfiguration;
			buildSettings = {
				ASSETCATALOG_COMPILER_APPICON_NAME = AppIcon;
				ASSETCATALOG_COMPILER_GLOBAL_ACCENT_COLOR_NAME = AccentColor;
				CODE_SIGN_STYLE = Automatic;
				DEVELOPMENT_ASSET_PATHS = "\"focusstate/Preview Content\"";
				ENABLE_PREVIEWS = YES;
				INFOPLIST_FILE = focusstate/Info.plist;
				LD_RUNPATH_SEARCH_PATHS = (
					"$(inherited)",
					"@executable_path/Frameworks",
				);
				PRODUCT_BUNDLE_IDENTIFIER = at.focusstate;
				PRODUCT_NAME = "$(TARGET_NAME)";
				SWIFT_VERSION = 5.0;
				TARGETED_DEVICE_FAMILY = "1,2";
			};
			name = Release;
		};
/* End XCBuildConfiguration section */

/* Begin XCConfigurationList section */
		FFDC739A26DF94DC00C1F0D0 /* Build configuration list for PBXProject "Example" */ = {
			isa = XCConfigurationList;
			buildConfigurations = (
				FFDC73B126DF94DE00C1F0D0 /* Debug */,
				FFDC73B226DF94DE00C1F0D0 /* Release */,
			);
			defaultConfigurationIsVisible = 0;
			defaultConfigurationName = Release;
		};
		FFDC73B326DF94DE00C1F0D0 /* Build configuration list for PBXNativeTarget "focusstate" */ = {
			isa = XCConfigurationList;
			buildConfigurations = (
				FFDC73B426DF94DE00C1F0D0 /* Debug */,
				FFDC73B526DF94DE00C1F0D0 /* Release */,
			);
			defaultConfigurationIsVisible = 0;
			defaultConfigurationName = Release;
		};
/* End XCConfigurationList section */

/* Begin XCRemoteSwiftPackageReference section */
		FFDC73C426DFE61F00C1F0D0 /* XCRemoteSwiftPackageReference "swift-focuser" */ = {
			isa = XCRemoteSwiftPackageReference;
			repositoryURL = "git@github.com:art-technologies/swift-focuser.git";
			requirement = {
				kind = upToNextMajorVersion;
				minimumVersion = 0.1.0;
			};
		};
/* End XCRemoteSwiftPackageReference section */

/* Begin XCSwiftPackageProductDependency section */
		FFDC73C526DFE61F00C1F0D0 /* Focuser */ = {
			isa = XCSwiftPackageProductDependency;
			package = FFDC73C426DFE61F00C1F0D0 /* XCRemoteSwiftPackageReference "swift-focuser" */;
			productName = Focuser;
		};
/* End XCSwiftPackageProductDependency section */
	};
	rootObject = FFDC739726DF94DC00C1F0D0 /* Project object */;
}
